
Microsoft Visual Studio Solution File, Format Version 12.00
# Visual Studio Version 16
VisualStudioVersion = 16.0.810.22
MinimumVisualStudioVersion = 10.0.40219.1
Project("{FAE04EC0-301F-11D3-BF4B-00C04F79EFBC}") = "LearnToFly", "LearnToFly\LearnToFly.csproj", "{BCA8E062-FC3D-4DFB-9D46-4D52898E09BA}"
EndProject
Global
	GlobalSection(SolutionConfigurationPlatforms) = preSolution
		Debug|anycpu = Debug|anycpu
		Release|anycpu = Release|anycpu
	EndGlobalSection
	GlobalSection(ProjectConfigurationPlatforms) = postSolution
		{BCA8E062-FC3D-4DFB-9D46-4D52898E09BA}.Debug|anycpu.ActiveCfg = Debug|anycpu
		{BCA8E062-FC3D-4DFB-9D46-4D52898E09BA}.Debug|anycpu.Build.0 = Debug|anycpu
		{BCA8E062-FC3D-4DFB-9D46-4D52898E09BA}.Release|anycpu.ActiveCfg = Release|anycpu
		{BCA8E062-FC3D-4DFB-9D46-4D52898E09BA}.Release|anycpu.Build.0 = Release|anycpu
	EndGlobalSection
	GlobalSection(SolutionProperties) = preSolution
		HideSolutionNode = FALSE
	EndGlobalSection
	GlobalSection(ExtensibilityGlobals) = postSolution
		SolutionGuid = {C7203E83-8185-4918-8CB7-D1D02E8291EC}
	EndGlobalSection
EndGlobal
